
Microsoft Visual Studio Solution File, Format Version 12.00
# Visual Studio 15
VisualStudioVersion = 15.0.27703.2042
MinimumVisualStudioVersion = 10.0.40219.1
Project("{8BC9CEB8-8B4A-11D0-8D11-00A0C91BC942}") = "Hoson's C++ Library", "Hoson's C++ Library\Hoson's C++ Library.vcxproj", "{D3C311F4-97F3-43FB-B92F-718A94ABB0A0}"
EndProject
Project("{8BC9CEB8-8B4A-11D0-8D11-00A0C91BC942}") = "Library", "Library\Library.vcxproj", "{D8B03AC4-E93E-4025-A34F-A9ADB5360390}"
EndProject
Global
	GlobalSection(SolutionConfigurationPlatforms) = preSolution
		Debug|x64 = Debug|x64
		Debug|x86 = Debug|x86
		Release|x64 = Release|x64
		Release|x86 = Release|x86
	EndGlobalSection
	GlobalSection(ProjectConfigurationPlatforms) = postSolution
		{D3C311F4-97F3-43FB-B92F-718A94ABB0A0}.Debug|x64.ActiveCfg = Debug|x64
		{D3C311F4-97F3-43FB-B92F-718A94ABB0A0}.Debug|x64.Build.0 = Debug|x64
		{D3C311F4-97F3-43FB-B92F-718A94ABB0A0}.Debug|x86.ActiveCfg = Debug|Win32
		{D3C311F4-97F3-43FB-B92F-718A94ABB0A0}.Debug|x86.Build.0 = Debug|Win32
		{D3C311F4-97F3-43FB-B92F-718A94ABB0A0}.Release|x64.ActiveCfg = Release|x64
		{D3C311F4-97F3-43FB-B92F-718A94ABB0A0}.Release|x64.Build.0 = Release|x64
		{D3C311F4-97F3-43FB-B92F-718A94ABB0A0}.Release|x86.ActiveCfg = Release|Win32
		{D3C311F4-97F3-43FB-B92F-718A94ABB0A0}.Release|x86.Build.0 = Release|Win32
		{D8B03AC4-E93E-4025-A34F-A9ADB5360390}.Debug|x64.ActiveCfg = Debug|x64
		{D8B03AC4-E93E-4025-A34F-A9ADB5360390}.Debug|x64.Build.0 = Debug|x64
		{D8B03AC4-E93E-4025-A34F-A9ADB5360390}.Debug|x86.ActiveCfg = Debug|Win32
		{D8B03AC4-E93E-4025-A34F-A9ADB5360390}.Debug|x86.Build.0 = Debug|Win32
		{D8B03AC4-E93E-4025-A34F-A9ADB5360390}.Release|x64.ActiveCfg = Release|x64
		{D8B03AC4-E93E-4025-A34F-A9ADB5360390}.Release|x64.Build.0 = Release|x64
		{D8B03AC4-E93E-4025-A34F-A9ADB5360390}.Release|x86.ActiveCfg = Release|Win32
		{D8B03AC4-E93E-4025-A34F-A9ADB5360390}.Release|x86.Build.0 = Release|Win32
	EndGlobalSection
	GlobalSection(SolutionProperties) = preSolution
		HideSolutionNode = FALSE
	EndGlobalSection
	GlobalSection(ExtensibilityGlobals) = postSolution
		SolutionGuid = {3D20E483-E04A-4D87-AFC0-17B53F6E161E}
	EndGlobalSection
EndGlobal
