
Microsoft Visual Studio Solution File, Format Version 12.00
# Visual Studio 15
VisualStudioVersion = 15.0.27703.2042
MinimumVisualStudioVersion = 10.0.40219.1
Project("{8BC9CEB8-8B4A-11D0-8D11-00A0C91BC942}") = "HashMap", "HashMap\HashMap.vcxproj", "{CC2E100C-9342-400B-B4E6-143E0818EFE5}"
EndProject
Global
	GlobalSection(SolutionConfigurationPlatforms) = preSolution
		Debug|x64 = Debug|x64
		Debug|x86 = Debug|x86
		Release|x64 = Release|x64
		Release|x86 = Release|x86
	EndGlobalSection
	GlobalSection(ProjectConfigurationPlatforms) = postSolution
		{CC2E100C-9342-400B-B4E6-143E0818EFE5}.Debug|x64.ActiveCfg = Debug|x64
		{CC2E100C-9342-400B-B4E6-143E0818EFE5}.Debug|x64.Build.0 = Debug|x64
		{CC2E100C-9342-400B-B4E6-143E0818EFE5}.Debug|x86.ActiveCfg = Debug|Win32
		{CC2E100C-9342-400B-B4E6-143E0818EFE5}.Debug|x86.Build.0 = Debug|Win32
		{CC2E100C-9342-400B-B4E6-143E0818EFE5}.Release|x64.ActiveCfg = Release|x64
		{CC2E100C-9342-400B-B4E6-143E0818EFE5}.Release|x64.Build.0 = Release|x64
		{CC2E100C-9342-400B-B4E6-143E0818EFE5}.Release|x86.ActiveCfg = Release|Win32
		{CC2E100C-9342-400B-B4E6-143E0818EFE5}.Release|x86.Build.0 = Release|Win32
	EndGlobalSection
	GlobalSection(SolutionProperties) = preSolution
		HideSolutionNode = FALSE
	EndGlobalSection
	GlobalSection(ExtensibilityGlobals) = postSolution
		SolutionGuid = {2BB3B3E1-2C69-45B4-8186-D8EE7A902FB6}
	EndGlobalSection
EndGlobal
